// !$*UTF8*$!
{
	archiveVersion = 1;
	classes = {
	};
	objectVersion = 56;
	objects = {

/* Begin PBXBuildFile section */
		3503BD86297F50AA00C0E365 /* AppDelegate.swift in Sources */ = {isa = PBXBuildFile; fileRef = 3503BD85297F50AA00C0E365 /* AppDelegate.swift */; };
		3503BD88297F50AA00C0E365 /* SceneDelegate.swift in Sources */ = {isa = PBXBuildFile; fileRef = 3503BD87297F50AA00C0E365 /* SceneDelegate.swift */; };
		3503BD8A297F50AA00C0E365 /* ViewController.swift in Sources */ = {isa = PBXBuildFile; fileRef = 3503BD89297F50AA00C0E365 /* ViewController.swift */; };
		3503BD8F297F50AC00C0E365 /* Assets.xcassets in Resources */ = {isa = PBXBuildFile; fileRef = 3503BD8E297F50AC00C0E365 /* Assets.xcassets */; };
		3503BD92297F50AC00C0E365 /* LaunchScreen.storyboard in Resources */ = {isa = PBXBuildFile; fileRef = 3503BD90297F50AC00C0E365 /* LaunchScreen.storyboard */; };
		3503BD9D297F5EE500C0E365 /* Resources.swift in Sources */ = {isa = PBXBuildFile; fileRef = 3503BD9C297F5EE500C0E365 /* Resources.swift */; };
		350DE274299143B500573163 /* DeleteAccountBottomView.swift in Sources */ = {isa = PBXBuildFile; fileRef = 350DE273299143B500573163 /* DeleteAccountBottomView.swift */; };
		350DE2762991C5F200573163 /* LocationListView.swift in Sources */ = {isa = PBXBuildFile; fileRef = 350DE2752991C5F200573163 /* LocationListView.swift */; };
		350DE2782991C66600573163 /* Enums.swift in Sources */ = {isa = PBXBuildFile; fileRef = 350DE2772991C66600573163 /* Enums.swift */; };
		350DE27B2991CA7600573163 /* LocationsMapView.swift in Sources */ = {isa = PBXBuildFile; fileRef = 350DE27A2991CA7600573163 /* LocationsMapView.swift */; };
		351872CC29D3C510004B564A /* NotificationService.swift in Sources */ = {isa = PBXBuildFile; fileRef = 351872CB29D3C510004B564A /* NotificationService.swift */; };
		351872CF29D3C547004B564A /* Notification.swift in Sources */ = {isa = PBXBuildFile; fileRef = 351872CE29D3C547004B564A /* Notification.swift */; };
		351B3A23299814B8007E7D00 /* AccountSettingsView.swift in Sources */ = {isa = PBXBuildFile; fileRef = 351B3A22299814B8007E7D00 /* AccountSettingsView.swift */; };
		351B3A2529981665007E7D00 /* SupportSettingsView.swift in Sources */ = {isa = PBXBuildFile; fileRef = 351B3A2429981665007E7D00 /* SupportSettingsView.swift */; };
		351B3A2729981B22007E7D00 /* NYCSettingsCard.swift in Sources */ = {isa = PBXBuildFile; fileRef = 351B3A2629981B22007E7D00 /* NYCSettingsCard.swift */; };
		351B3A2929982ABC007E7D00 /* LocationDetailView.swift in Sources */ = {isa = PBXBuildFile; fileRef = 351B3A2829982ABC007E7D00 /* LocationDetailView.swift */; };
		3524973829EB1C5E009E1002 /* Lottie in Frameworks */ = {isa = PBXBuildFile; productRef = 3524973729EB1C5E009E1002 /* Lottie */; };
		3524973A29EB1CE9009E1002 /* MaintenanceOverlayView.swift in Sources */ = {isa = PBXBuildFile; fileRef = 3524973929EB1CE9009E1002 /* MaintenanceOverlayView.swift */; };
		3524974229EB2669009E1002 /* makeup.json in Resources */ = {isa = PBXBuildFile; fileRef = 3524974129EB2669009E1002 /* makeup.json */; };
		3536C2D72A02A955007D3E1A /* AdminNotificationView.swift in Sources */ = {isa = PBXBuildFile; fileRef = 3536C2D62A02A955007D3E1A /* AdminNotificationView.swift */; };
		3538C623298353210017800B /* iPages in Frameworks */ = {isa = PBXBuildFile; productRef = 3538C622298353210017800B /* iPages */; };
		3538C626298356270017800B /* LanguageSetup.swift in Sources */ = {isa = PBXBuildFile; fileRef = 3538C625298356270017800B /* LanguageSetup.swift */; };
		3538C6292983569D0017800B /* NYCBottomSheetHeader.swift in Sources */ = {isa = PBXBuildFile; fileRef = 3538C6282983569D0017800B /* NYCBottomSheetHeader.swift */; };
		3538C62C298357490017800B /* AppLanguageModel.swift in Sources */ = {isa = PBXBuildFile; fileRef = 3538C62B298357490017800B /* AppLanguageModel.swift */; };
		3538C62F298358890017800B /* LanguageCard.swift in Sources */ = {isa = PBXBuildFile; fileRef = 3538C62E298358890017800B /* LanguageCard.swift */; };
		35402A2A2A0EB2A300974CF7 /* NYCBottomViewContent.swift in Sources */ = {isa = PBXBuildFile; fileRef = 35402A292A0EB2A300974CF7 /* NYCBottomViewContent.swift */; };
		35402A2C2A0ED23400974CF7 /* NYCImageCarousel.swift in Sources */ = {isa = PBXBuildFile; fileRef = 35402A2B2A0ED23400974CF7 /* NYCImageCarousel.swift */; };
		3542F59B29D9DF410086CB4F /* LocationService.swift in Sources */ = {isa = PBXBuildFile; fileRef = 3542F59A29D9DF410086CB4F /* LocationService.swift */; };
		3542F59D29DA1A820086CB4F /* LoadingLocationCell.swift in Sources */ = {isa = PBXBuildFile; fileRef = 3542F59C29DA1A820086CB4F /* LoadingLocationCell.swift */; };
		354651C329A839E7003F7AE8 /* NYCLoadingSpinner.swift in Sources */ = {isa = PBXBuildFile; fileRef = 354651C229A839E7003F7AE8 /* NYCLoadingSpinner.swift */; };
		354651C529A83B1F003F7AE8 /* LoadingBottomView.swift in Sources */ = {isa = PBXBuildFile; fileRef = 354651C429A83B1F003F7AE8 /* LoadingBottomView.swift */; };
		354F6D3F29F182D500E45CFE /* WriteFeedbackView.swift in Sources */ = {isa = PBXBuildFile; fileRef = 354F6D3E29F182D500E45CFE /* WriteFeedbackView.swift */; };
		3550FA2E29B3CA9F0091B558 /* OnboardingNavigationCoordinator.swift in Sources */ = {isa = PBXBuildFile; fileRef = 3550FA2D29B3CA9F0091B558 /* OnboardingNavigationCoordinator.swift */; };
		355C11BE29B78EB7001F092B /* NotificationCard.swift in Sources */ = {isa = PBXBuildFile; fileRef = 355C11BD29B78EB7001F092B /* NotificationCard.swift */; };
		355C11C029B7A44E001F092B /* ErrorEmptyView.swift in Sources */ = {isa = PBXBuildFile; fileRef = 355C11BF29B7A44E001F092B /* ErrorEmptyView.swift */; };
		355EA17929AD6FAF00D62B01 /* NYCLanguageCard.swift in Sources */ = {isa = PBXBuildFile; fileRef = 355EA17829AD6FAF00D62B01 /* NYCLanguageCard.swift */; };
		3563FB9E29F19A2C007E39C5 /* AdminHomeView.swift in Sources */ = {isa = PBXBuildFile; fileRef = 3563FB9D29F19A2C007E39C5 /* AdminHomeView.swift */; };
		3565689B29A12C16007CAF80 /* PopupView in Frameworks */ = {isa = PBXBuildFile; productRef = 3565689A29A12C16007CAF80 /* PopupView */; };
		3565689D29A15673007CAF80 /* NYCAlertNotificationView.swift in Sources */ = {isa = PBXBuildFile; fileRef = 3565689C29A15673007CAF80 /* NYCAlertNotificationView.swift */; };
		3566264629B9445800EA11E0 /* ReportEditView.swift in Sources */ = {isa = PBXBuildFile; fileRef = 3566264529B9445800EA11E0 /* ReportEditView.swift */; };
		356C52DA29A0460C00080D4C /* LocationMapCard.swift in Sources */ = {isa = PBXBuildFile; fileRef = 356C52D929A0460C00080D4C /* LocationMapCard.swift */; };
		356C52DC29A04BDB00080D4C /* LocationListCell.swift in Sources */ = {isa = PBXBuildFile; fileRef = 356C52DB29A04BDB00080D4C /* LocationListCell.swift */; };
		356C52DE29A04E0B00080D4C /* NYCRateBadge.swift in Sources */ = {isa = PBXBuildFile; fileRef = 356C52DD29A04E0B00080D4C /* NYCRateBadge.swift */; };
		356C52E129A052F900080D4C /* MapChoiceView.swift in Sources */ = {isa = PBXBuildFile; fileRef = 356C52E029A052F900080D4C /* MapChoiceView.swift */; };
		35737E5B29888866003B68BE /* ProfileView.swift in Sources */ = {isa = PBXBuildFile; fileRef = 35737E5A29888866003B68BE /* ProfileView.swift */; };
		35737E5E29888DA5003B68BE /* Social View.swift in Sources */ = {isa = PBXBuildFile; fileRef = 35737E5D29888DA5003B68BE /* Social View.swift */; };
		35737E6129888DF9003B68BE /* HomeView.swift in Sources */ = {isa = PBXBuildFile; fileRef = 35737E6029888DF9003B68BE /* HomeView.swift */; };
		3573F2D329F0B12A003E93F1 /* FirebaseAnalytics in Frameworks */ = {isa = PBXBuildFile; productRef = 3573F2D229F0B12A003E93F1 /* FirebaseAnalytics */; };
		35746CB329A29F3E007322AA /* FavoritesEmptyView.swift in Sources */ = {isa = PBXBuildFile; fileRef = 35746CB229A29F3E007322AA /* FavoritesEmptyView.swift */; };
		35746CB529A3183B007322AA /* NotificationsEmptyView.swift in Sources */ = {isa = PBXBuildFile; fileRef = 35746CB429A3183B007322AA /* NotificationsEmptyView.swift */; };
		3583BD4529AA99E600B984EA /* NYCNotificationCard.swift in Sources */ = {isa = PBXBuildFile; fileRef = 3583BD4429AA99E600B984EA /* NYCNotificationCard.swift */; };
		35915FEF29EB160700263946 /* AppConfigService.swift in Sources */ = {isa = PBXBuildFile; fileRef = 35915FEE29EB160700263946 /* AppConfigService.swift */; };
		359348DA29BA378D00B7739A /* ReviewEmptyView.swift in Sources */ = {isa = PBXBuildFile; fileRef = 359348D929BA378D00B7739A /* ReviewEmptyView.swift */; };
		359348DD29BA421900B7739A /* ReviewModel.swift in Sources */ = {isa = PBXBuildFile; fileRef = 359348DC29BA421900B7739A /* ReviewModel.swift */; };
		359A792B298DFBB9001B66CF /* Modifiers.swift in Sources */ = {isa = PBXBuildFile; fileRef = 359A792A298DFBB9001B66CF /* Modifiers.swift */; };
		359A792D298ECC6B001B66CF /* NYCSocialCard.swift in Sources */ = {isa = PBXBuildFile; fileRef = 359A792C298ECC6B001B66CF /* NYCSocialCard.swift */; };
		359A7930298ED141001B66CF /* Shimmer in Frameworks */ = {isa = PBXBuildFile; productRef = 359A792F298ED141001B66CF /* Shimmer */; };
		359A7932298EDCCB001B66CF /* ShareCardView.swift in Sources */ = {isa = PBXBuildFile; fileRef = 359A7931298EDCCB001B66CF /* ShareCardView.swift */; };
		359A7934298EF1C2001B66CF /* TabBarView.swift in Sources */ = {isa = PBXBuildFile; fileRef = 359A7933298EF1C2001B66CF /* TabBarView.swift */; };
		359B2FAD29DA53EB0097E1DC /* FirebaseStorage in Frameworks */ = {isa = PBXBuildFile; productRef = 359B2FAC29DA53EB0097E1DC /* FirebaseStorage */; };
		359B2FB029DB45300097E1DC /* SDWebImageSwiftUI in Frameworks */ = {isa = PBXBuildFile; productRef = 359B2FAF29DB45300097E1DC /* SDWebImageSwiftUI */; };
		359D87C629D76E9700E827F3 /* ReviewService.swift in Sources */ = {isa = PBXBuildFile; fileRef = 359D87C529D76E9700E827F3 /* ReviewService.swift */; };
		359D87C829D8912700E827F3 /* User.swift in Sources */ = {isa = PBXBuildFile; fileRef = 359D87C729D8912700E827F3 /* User.swift */; };
		359D87CA29D8919C00E827F3 /* UserService.swift in Sources */ = {isa = PBXBuildFile; fileRef = 359D87C929D8919C00E827F3 /* UserService.swift */; };
		359E6AA22981ED8B00333BD7 /* Onboarding.swift in Sources */ = {isa = PBXBuildFile; fileRef = 359E6AA12981ED8B00333BD7 /* Onboarding.swift */; };
		359E6AA72981FEB800333BD7 /* Nunito-Bold.ttf in Resources */ = {isa = PBXBuildFile; fileRef = 359E6AA62981FDD300333BD7 /* Nunito-Bold.ttf */; };
		359E6AA82981FEB800333BD7 /* Nunito-SemiBold.ttf in Resources */ = {isa = PBXBuildFile; fileRef = 359E6AA52981FDC800333BD7 /* Nunito-SemiBold.ttf */; };
		359E6AA92981FEB800333BD7 /* Nunito-Regular.ttf in Resources */ = {isa = PBXBuildFile; fileRef = 359E6AA42981FDBA00333BD7 /* Nunito-Regular.ttf */; };
		359F80F2298AA911000D792E /* NYCCircleImageButton.swift in Sources */ = {isa = PBXBuildFile; fileRef = 359F80F1298AA911000D792E /* NYCCircleImageButton.swift */; };
		359F80F4298C2253000D792E /* NYCSectionHeader.swift in Sources */ = {isa = PBXBuildFile; fileRef = 359F80F3298C2253000D792E /* NYCSectionHeader.swift */; };
		359F80F7298C2508000D792E /* LocationCell.swift in Sources */ = {isa = PBXBuildFile; fileRef = 359F80F6298C2508000D792E /* LocationCell.swift */; };
		359F80F9298C30D2000D792E /* NYCBadgeView.swift in Sources */ = {isa = PBXBuildFile; fileRef = 359F80F8298C30D2000D792E /* NYCBadgeView.swift */; };
		359F80FB298C330B000D792E /* FavoriteView.swift in Sources */ = {isa = PBXBuildFile; fileRef = 359F80FA298C330B000D792E /* FavoriteView.swift */; };
		35A7981629E463C600359400 /* AdminLocationView.swift in Sources */ = {isa = PBXBuildFile; fileRef = 35A7981529E463C600359400 /* AdminLocationView.swift */; };
		35AD1AEE29CBB4780076AE54 /* RatingDotsView.swift in Sources */ = {isa = PBXBuildFile; fileRef = 35AD1AED29CBB4780076AE54 /* RatingDotsView.swift */; };
		35BA64B5299BF69D00E15206 /* ReviewCard.swift in Sources */ = {isa = PBXBuildFile; fileRef = 35BA64B4299BF69D00E15206 /* ReviewCard.swift */; };
		35BC807A29970DC0001ACC35 /* ListModifier.swift in Sources */ = {isa = PBXBuildFile; fileRef = 35BC807929970DC0001ACC35 /* ListModifier.swift */; };
		35C1667929D12FD500963257 /* GoogleService-Info.plist in Resources */ = {isa = PBXBuildFile; fileRef = 35C1667829D12FD500963257 /* GoogleService-Info.plist */; };
		35C1667C29D1307600963257 /* FirebaseAuth in Frameworks */ = {isa = PBXBuildFile; productRef = 35C1667B29D1307600963257 /* FirebaseAuth */; };
		35C1667E29D1307600963257 /* FirebaseFirestore in Frameworks */ = {isa = PBXBuildFile; productRef = 35C1667D29D1307600963257 /* FirebaseFirestore */; };
		35C1668029D1307600963257 /* FirebaseFirestoreSwift in Frameworks */ = {isa = PBXBuildFile; productRef = 35C1667F29D1307600963257 /* FirebaseFirestoreSwift */; };
		35C479A6298C89D50089F342 /* SettingsView.swift in Sources */ = {isa = PBXBuildFile; fileRef = 35C479A5298C89D50089F342 /* SettingsView.swift */; };
		35D3821529B6A7C000B66EDA /* LocationModel.swift in Sources */ = {isa = PBXBuildFile; fileRef = 35D3821429B6A7C000B66EDA /* LocationModel.swift */; };
		35D9447929EEF80400B9B640 /* FirebaseErrors.swift in Sources */ = {isa = PBXBuildFile; fileRef = 35D9447829EEF80400B9B640 /* FirebaseErrors.swift */; };
		35D9447B29EF026D00B9B640 /* NYCErrorBottomAlert.swift in Sources */ = {isa = PBXBuildFile; fileRef = 35D9447A29EF026D00B9B640 /* NYCErrorBottomAlert.swift */; };
		35D9447D29EF035800B9B640 /* Helpers.swift in Sources */ = {isa = PBXBuildFile; fileRef = 35D9447C29EF035800B9B640 /* Helpers.swift */; };
		35D9447F29EF6B2700B9B640 /* FirebaseMessaging in Frameworks */ = {isa = PBXBuildFile; productRef = 35D9447E29EF6B2700B9B640 /* FirebaseMessaging */; };
		35D9448229EF725800B9B640 /* SplashScreenView.swift in Sources */ = {isa = PBXBuildFile; fileRef = 35D9448129EF725800B9B640 /* SplashScreenView.swift */; };
		35D9448429EF727E00B9B640 /* InitView.swift in Sources */ = {isa = PBXBuildFile; fileRef = 35D9448329EF727E00B9B640 /* InitView.swift */; };
		35D9A5CE298981EE00A2F8D6 /* SettingsModel.swift in Sources */ = {isa = PBXBuildFile; fileRef = 35D9A5CD298981EE00A2F8D6 /* SettingsModel.swift */; };
		35D9A5D02989832200A2F8D6 /* SettingsCard.swift in Sources */ = {isa = PBXBuildFile; fileRef = 35D9A5CF2989832200A2F8D6 /* SettingsCard.swift */; };
		35DFA23E29A3BFC900258BB7 /* ExpandedReviewView.swift in Sources */ = {isa = PBXBuildFile; fileRef = 35DFA23D29A3BFC800258BB7 /* ExpandedReviewView.swift */; };
		35DFA24129A518B700258BB7 /* AddReviewView.swift in Sources */ = {isa = PBXBuildFile; fileRef = 35DFA24029A518B700258BB7 /* AddReviewView.swift */; };
		35DFA24329A572BD00258BB7 /* NYCResizableTextField.swift in Sources */ = {isa = PBXBuildFile; fileRef = 35DFA24229A572BD00258BB7 /* NYCResizableTextField.swift */; };
		35DFA24529A5822B00258BB7 /* VisitDatePickerView.swift in Sources */ = {isa = PBXBuildFile; fileRef = 35DFA24429A5822B00258BB7 /* VisitDatePickerView.swift */; };
		35E7FB8B298486F400EFF282 /* ProfileSetup.swift in Sources */ = {isa = PBXBuildFile; fileRef = 35E7FB8A298486F400EFF282 /* ProfileSetup.swift */; };
		35E7FB8D29848AE300EFF282 /* NYCFloatingTextField.swift in Sources */ = {isa = PBXBuildFile; fileRef = 35E7FB8C29848AE300EFF282 /* NYCFloatingTextField.swift */; };
		35E7FB8F29848B1C00EFF282 /* Extensions.swift in Sources */ = {isa = PBXBuildFile; fileRef = 35E7FB8E29848B1C00EFF282 /* Extensions.swift */; };
		35E7FB9129848FEE00EFF282 /* NYCActionButton.swift in Sources */ = {isa = PBXBuildFile; fileRef = 35E7FB9029848FEE00EFF282 /* NYCActionButton.swift */; };
		35E7FB942985A9D500EFF282 /* UserRegistrationModel.swift in Sources */ = {isa = PBXBuildFile; fileRef = 35E7FB932985A9D500EFF282 /* UserRegistrationModel.swift */; };
		35E7FB992985AB9300EFF282 /* NotificationPermission.swift in Sources */ = {isa = PBXBuildFile; fileRef = 35E7FB982985AB9300EFF282 /* NotificationPermission.swift */; };
		35E7FB9B2985ADF800EFF282 /* GeopositionPermission.swift in Sources */ = {isa = PBXBuildFile; fileRef = 35E7FB9A2985ADF800EFF282 /* GeopositionPermission.swift */; };
		35E7FB9D2985B88700EFF282 /* GeoLocationModel.swift in Sources */ = {isa = PBXBuildFile; fileRef = 35E7FB9C2985B88700EFF282 /* GeoLocationModel.swift */; };
		35EF059829B0F0310098110B /* NYCNavigationButton.swift in Sources */ = {isa = PBXBuildFile; fileRef = 35EF059729B0F0310098110B /* NYCNavigationButton.swift */; };
		35EF059B29B0F2EC0098110B /* NavigationDotsView.swift in Sources */ = {isa = PBXBuildFile; fileRef = 35EF059A29B0F2EC0098110B /* NavigationDotsView.swift */; };
		35EF059E29B0F40A0098110B /* AccoutSetupView.swift in Sources */ = {isa = PBXBuildFile; fileRef = 35EF059D29B0F40A0098110B /* AccoutSetupView.swift */; };
		35EF05A029B0FB780098110B /* PersonTypeSetup.swift in Sources */ = {isa = PBXBuildFile; fileRef = 35EF059F29B0FB780098110B /* PersonTypeSetup.swift */; };
		35EF05A229B29BAD0098110B /* NYCSetupCard.swift in Sources */ = {isa = PBXBuildFile; fileRef = 35EF05A129B29BAD0098110B /* NYCSetupCard.swift */; };
		35F29397299E8ED500A85586 /* AmenityCard.swift in Sources */ = {isa = PBXBuildFile; fileRef = 35F29396299E8ED500A85586 /* AmenityCard.swift */; };
		35F29399299E8F4A00A85586 /* AmenityModel.swift in Sources */ = {isa = PBXBuildFile; fileRef = 35F29398299E8F4A00A85586 /* AmenityModel.swift */; };
		35F2939B299F195400A85586 /* NotificationsView.swift in Sources */ = {isa = PBXBuildFile; fileRef = 35F2939A299F195400A85586 /* NotificationsView.swift */; };
/* End PBXBuildFile section */

/* Begin PBXFileReference section */
		3503BD82297F50AA00C0E365 /* NYCoworker.app */ = {isa = PBXFileReference; explicitFileType = wrapper.application; includeInIndex = 0; path = NYCoworker.app; sourceTree = BUILT_PRODUCTS_DIR; };
		3503BD85297F50AA00C0E365 /* AppDelegate.swift */ = {isa = PBXFileReference; lastKnownFileType = sourcecode.swift; path = AppDelegate.swift; sourceTree = "<group>"; };
		3503BD87297F50AA00C0E365 /* SceneDelegate.swift */ = {isa = PBXFileReference; lastKnownFileType = sourcecode.swift; path = SceneDelegate.swift; sourceTree = "<group>"; };
		3503BD89297F50AA00C0E365 /* ViewController.swift */ = {isa = PBXFileReference; lastKnownFileType = sourcecode.swift; path = ViewController.swift; sourceTree = "<group>"; };
		3503BD8E297F50AC00C0E365 /* Assets.xcassets */ = {isa = PBXFileReference; lastKnownFileType = folder.assetcatalog; path = Assets.xcassets; sourceTree = "<group>"; };
		3503BD91297F50AC00C0E365 /* Base */ = {isa = PBXFileReference; lastKnownFileType = file.storyboard; name = Base; path = Base.lproj/LaunchScreen.storyboard; sourceTree = "<group>"; };
		3503BD93297F50AC00C0E365 /* Info.plist */ = {isa = PBXFileReference; lastKnownFileType = text.plist.xml; path = Info.plist; sourceTree = "<group>"; };
		3503BD9C297F5EE500C0E365 /* Resources.swift */ = {isa = PBXFileReference; lastKnownFileType = sourcecode.swift; path = Resources.swift; sourceTree = "<group>"; };
		350DE273299143B500573163 /* DeleteAccountBottomView.swift */ = {isa = PBXFileReference; lastKnownFileType = sourcecode.swift; path = DeleteAccountBottomView.swift; sourceTree = "<group>"; };
		350DE2752991C5F200573163 /* LocationListView.swift */ = {isa = PBXFileReference; lastKnownFileType = sourcecode.swift; path = LocationListView.swift; sourceTree = "<group>"; };
		350DE2772991C66600573163 /* Enums.swift */ = {isa = PBXFileReference; lastKnownFileType = sourcecode.swift; path = Enums.swift; sourceTree = "<group>"; };
		350DE27A2991CA7600573163 /* LocationsMapView.swift */ = {isa = PBXFileReference; lastKnownFileType = sourcecode.swift; path = LocationsMapView.swift; sourceTree = "<group>"; };
		351872CB29D3C510004B564A /* NotificationService.swift */ = {isa = PBXFileReference; lastKnownFileType = sourcecode.swift; path = NotificationService.swift; sourceTree = "<group>"; };
		351872CE29D3C547004B564A /* Notification.swift */ = {isa = PBXFileReference; lastKnownFileType = sourcecode.swift; path = Notification.swift; sourceTree = "<group>"; };
		351B3A22299814B8007E7D00 /* AccountSettingsView.swift */ = {isa = PBXFileReference; lastKnownFileType = sourcecode.swift; path = AccountSettingsView.swift; sourceTree = "<group>"; };
		351B3A2429981665007E7D00 /* SupportSettingsView.swift */ = {isa = PBXFileReference; lastKnownFileType = sourcecode.swift; path = SupportSettingsView.swift; sourceTree = "<group>"; };
		351B3A2629981B22007E7D00 /* NYCSettingsCard.swift */ = {isa = PBXFileReference; lastKnownFileType = sourcecode.swift; path = NYCSettingsCard.swift; sourceTree = "<group>"; };
		351B3A2829982ABC007E7D00 /* LocationDetailView.swift */ = {isa = PBXFileReference; lastKnownFileType = sourcecode.swift; path = LocationDetailView.swift; sourceTree = "<group>"; };
		3524973929EB1CE9009E1002 /* MaintenanceOverlayView.swift */ = {isa = PBXFileReference; lastKnownFileType = sourcecode.swift; path = MaintenanceOverlayView.swift; sourceTree = "<group>"; };
		3524974129EB2669009E1002 /* makeup.json */ = {isa = PBXFileReference; fileEncoding = 4; lastKnownFileType = text.json; path = makeup.json; sourceTree = "<group>"; };
		3536C2D62A02A955007D3E1A /* AdminNotificationView.swift */ = {isa = PBXFileReference; lastKnownFileType = sourcecode.swift; path = AdminNotificationView.swift; sourceTree = "<group>"; };
		3538C625298356270017800B /* LanguageSetup.swift */ = {isa = PBXFileReference; lastKnownFileType = sourcecode.swift; path = LanguageSetup.swift; sourceTree = "<group>"; };
		3538C6282983569D0017800B /* NYCBottomSheetHeader.swift */ = {isa = PBXFileReference; lastKnownFileType = sourcecode.swift; path = NYCBottomSheetHeader.swift; sourceTree = "<group>"; };
		3538C62B298357490017800B /* AppLanguageModel.swift */ = {isa = PBXFileReference; lastKnownFileType = sourcecode.swift; path = AppLanguageModel.swift; sourceTree = "<group>"; };
		3538C62E298358890017800B /* LanguageCard.swift */ = {isa = PBXFileReference; lastKnownFileType = sourcecode.swift; path = LanguageCard.swift; sourceTree = "<group>"; };
		35402A292A0EB2A300974CF7 /* NYCBottomViewContent.swift */ = {isa = PBXFileReference; lastKnownFileType = sourcecode.swift; path = NYCBottomViewContent.swift; sourceTree = "<group>"; };
		35402A2B2A0ED23400974CF7 /* NYCImageCarousel.swift */ = {isa = PBXFileReference; lastKnownFileType = sourcecode.swift; path = NYCImageCarousel.swift; sourceTree = "<group>"; };
		3542F59A29D9DF410086CB4F /* LocationService.swift */ = {isa = PBXFileReference; lastKnownFileType = sourcecode.swift; path = LocationService.swift; sourceTree = "<group>"; };
		3542F59C29DA1A820086CB4F /* LoadingLocationCell.swift */ = {isa = PBXFileReference; lastKnownFileType = sourcecode.swift; path = LoadingLocationCell.swift; sourceTree = "<group>"; };
		354651C229A839E7003F7AE8 /* NYCLoadingSpinner.swift */ = {isa = PBXFileReference; lastKnownFileType = sourcecode.swift; path = NYCLoadingSpinner.swift; sourceTree = "<group>"; };
		354651C429A83B1F003F7AE8 /* LoadingBottomView.swift */ = {isa = PBXFileReference; lastKnownFileType = sourcecode.swift; path = LoadingBottomView.swift; sourceTree = "<group>"; };
		354F6D3E29F182D500E45CFE /* WriteFeedbackView.swift */ = {isa = PBXFileReference; lastKnownFileType = sourcecode.swift; path = WriteFeedbackView.swift; sourceTree = "<group>"; };
		3550FA2D29B3CA9F0091B558 /* OnboardingNavigationCoordinator.swift */ = {isa = PBXFileReference; lastKnownFileType = sourcecode.swift; path = OnboardingNavigationCoordinator.swift; sourceTree = "<group>"; };
		355C11BD29B78EB7001F092B /* NotificationCard.swift */ = {isa = PBXFileReference; lastKnownFileType = sourcecode.swift; path = NotificationCard.swift; sourceTree = "<group>"; };
		355C11BF29B7A44E001F092B /* ErrorEmptyView.swift */ = {isa = PBXFileReference; lastKnownFileType = sourcecode.swift; path = ErrorEmptyView.swift; sourceTree = "<group>"; };
		355EA17829AD6FAF00D62B01 /* NYCLanguageCard.swift */ = {isa = PBXFileReference; lastKnownFileType = sourcecode.swift; path = NYCLanguageCard.swift; sourceTree = "<group>"; };
		3563FB9D29F19A2C007E39C5 /* AdminHomeView.swift */ = {isa = PBXFileReference; lastKnownFileType = sourcecode.swift; path = AdminHomeView.swift; sourceTree = "<group>"; };
		3565689C29A15673007CAF80 /* NYCAlertNotificationView.swift */ = {isa = PBXFileReference; lastKnownFileType = sourcecode.swift; path = NYCAlertNotificationView.swift; sourceTree = "<group>"; };
		3566264529B9445800EA11E0 /* ReportEditView.swift */ = {isa = PBXFileReference; lastKnownFileType = sourcecode.swift; path = ReportEditView.swift; sourceTree = "<group>"; };
		356C52D929A0460C00080D4C /* LocationMapCard.swift */ = {isa = PBXFileReference; lastKnownFileType = sourcecode.swift; path = LocationMapCard.swift; sourceTree = "<group>"; };
		356C52DB29A04BDB00080D4C /* LocationListCell.swift */ = {isa = PBXFileReference; lastKnownFileType = sourcecode.swift; path = LocationListCell.swift; sourceTree = "<group>"; };
		356C52DD29A04E0B00080D4C /* NYCRateBadge.swift */ = {isa = PBXFileReference; lastKnownFileType = sourcecode.swift; path = NYCRateBadge.swift; sourceTree = "<group>"; };
		356C52E029A052F900080D4C /* MapChoiceView.swift */ = {isa = PBXFileReference; lastKnownFileType = sourcecode.swift; path = MapChoiceView.swift; sourceTree = "<group>"; };
		35737E5A29888866003B68BE /* ProfileView.swift */ = {isa = PBXFileReference; lastKnownFileType = sourcecode.swift; path = ProfileView.swift; sourceTree = "<group>"; };
		35737E5D29888DA5003B68BE /* Social View.swift */ = {isa = PBXFileReference; lastKnownFileType = sourcecode.swift; path = "Social View.swift"; sourceTree = "<group>"; };
		35737E6029888DF9003B68BE /* HomeView.swift */ = {isa = PBXFileReference; lastKnownFileType = sourcecode.swift; path = HomeView.swift; sourceTree = "<group>"; };
		3573F2D129F08FB1003E93F1 /* NYCoworker.entitlements */ = {isa = PBXFileReference; lastKnownFileType = text.plist.entitlements; path = NYCoworker.entitlements; sourceTree = "<group>"; };
		35746CB229A29F3E007322AA /* FavoritesEmptyView.swift */ = {isa = PBXFileReference; lastKnownFileType = sourcecode.swift; path = FavoritesEmptyView.swift; sourceTree = "<group>"; };
		35746CB429A3183B007322AA /* NotificationsEmptyView.swift */ = {isa = PBXFileReference; lastKnownFileType = sourcecode.swift; path = NotificationsEmptyView.swift; sourceTree = "<group>"; };
		3583BD4429AA99E600B984EA /* NYCNotificationCard.swift */ = {isa = PBXFileReference; lastKnownFileType = sourcecode.swift; path = NYCNotificationCard.swift; sourceTree = "<group>"; };
		35915FEE29EB160700263946 /* AppConfigService.swift */ = {isa = PBXFileReference; lastKnownFileType = sourcecode.swift; path = AppConfigService.swift; sourceTree = "<group>"; };
		359348D929BA378D00B7739A /* ReviewEmptyView.swift */ = {isa = PBXFileReference; lastKnownFileType = sourcecode.swift; path = ReviewEmptyView.swift; sourceTree = "<group>"; };
		359348DC29BA421900B7739A /* ReviewModel.swift */ = {isa = PBXFileReference; lastKnownFileType = sourcecode.swift; path = ReviewModel.swift; sourceTree = "<group>"; };
		359A792A298DFBB9001B66CF /* Modifiers.swift */ = {isa = PBXFileReference; lastKnownFileType = sourcecode.swift; path = Modifiers.swift; sourceTree = "<group>"; };
		359A792C298ECC6B001B66CF /* NYCSocialCard.swift */ = {isa = PBXFileReference; lastKnownFileType = sourcecode.swift; path = NYCSocialCard.swift; sourceTree = "<group>"; };
		359A7931298EDCCB001B66CF /* ShareCardView.swift */ = {isa = PBXFileReference; lastKnownFileType = sourcecode.swift; path = ShareCardView.swift; sourceTree = "<group>"; };
		359A7933298EF1C2001B66CF /* TabBarView.swift */ = {isa = PBXFileReference; lastKnownFileType = sourcecode.swift; path = TabBarView.swift; sourceTree = "<group>"; };
		359D87C529D76E9700E827F3 /* ReviewService.swift */ = {isa = PBXFileReference; lastKnownFileType = sourcecode.swift; path = ReviewService.swift; sourceTree = "<group>"; };
		359D87C729D8912700E827F3 /* User.swift */ = {isa = PBXFileReference; lastKnownFileType = sourcecode.swift; path = User.swift; sourceTree = "<group>"; };
		359D87C929D8919C00E827F3 /* UserService.swift */ = {isa = PBXFileReference; lastKnownFileType = sourcecode.swift; path = UserService.swift; sourceTree = "<group>"; };
		359E6AA12981ED8B00333BD7 /* Onboarding.swift */ = {isa = PBXFileReference; lastKnownFileType = sourcecode.swift; path = Onboarding.swift; sourceTree = "<group>"; };
		359E6AA42981FDBA00333BD7 /* Nunito-Regular.ttf */ = {isa = PBXFileReference; lastKnownFileType = file; path = "Nunito-Regular.ttf"; sourceTree = "<group>"; };
		359E6AA52981FDC800333BD7 /* Nunito-SemiBold.ttf */ = {isa = PBXFileReference; lastKnownFileType = file; path = "Nunito-SemiBold.ttf"; sourceTree = "<group>"; };
		359E6AA62981FDD300333BD7 /* Nunito-Bold.ttf */ = {isa = PBXFileReference; lastKnownFileType = file; path = "Nunito-Bold.ttf"; sourceTree = "<group>"; };
		359F80F1298AA911000D792E /* NYCCircleImageButton.swift */ = {isa = PBXFileReference; lastKnownFileType = sourcecode.swift; path = NYCCircleImageButton.swift; sourceTree = "<group>"; };
		359F80F3298C2253000D792E /* NYCSectionHeader.swift */ = {isa = PBXFileReference; lastKnownFileType = sourcecode.swift; path = NYCSectionHeader.swift; sourceTree = "<group>"; };
		359F80F6298C2508000D792E /* LocationCell.swift */ = {isa = PBXFileReference; lastKnownFileType = sourcecode.swift; path = LocationCell.swift; sourceTree = "<group>"; };
		359F80F8298C30D2000D792E /* NYCBadgeView.swift */ = {isa = PBXFileReference; lastKnownFileType = sourcecode.swift; path = NYCBadgeView.swift; sourceTree = "<group>"; };
		359F80FA298C330B000D792E /* FavoriteView.swift */ = {isa = PBXFileReference; lastKnownFileType = sourcecode.swift; path = FavoriteView.swift; sourceTree = "<group>"; };
		35A7981529E463C600359400 /* AdminLocationView.swift */ = {isa = PBXFileReference; lastKnownFileType = sourcecode.swift; path = AdminLocationView.swift; sourceTree = "<group>"; };
		35AD1AED29CBB4780076AE54 /* RatingDotsView.swift */ = {isa = PBXFileReference; lastKnownFileType = sourcecode.swift; path = RatingDotsView.swift; sourceTree = "<group>"; };
		35BA64B4299BF69D00E15206 /* ReviewCard.swift */ = {isa = PBXFileReference; lastKnownFileType = sourcecode.swift; path = ReviewCard.swift; sourceTree = "<group>"; };
		35BC807929970DC0001ACC35 /* ListModifier.swift */ = {isa = PBXFileReference; lastKnownFileType = sourcecode.swift; path = ListModifier.swift; sourceTree = "<group>"; };
		35C1667829D12FD500963257 /* GoogleService-Info.plist */ = {isa = PBXFileReference; fileEncoding = 4; lastKnownFileType = text.plist.xml; path = "GoogleService-Info.plist"; sourceTree = "<group>"; };
		35C479A5298C89D50089F342 /* SettingsView.swift */ = {isa = PBXFileReference; lastKnownFileType = sourcecode.swift; path = SettingsView.swift; sourceTree = "<group>"; };
		35D3821429B6A7C000B66EDA /* LocationModel.swift */ = {isa = PBXFileReference; lastKnownFileType = sourcecode.swift; path = LocationModel.swift; sourceTree = "<group>"; };
		35D9447829EEF80400B9B640 /* FirebaseErrors.swift */ = {isa = PBXFileReference; lastKnownFileType = sourcecode.swift; path = FirebaseErrors.swift; sourceTree = "<group>"; };
		35D9447A29EF026D00B9B640 /* NYCErrorBottomAlert.swift */ = {isa = PBXFileReference; lastKnownFileType = sourcecode.swift; path = NYCErrorBottomAlert.swift; sourceTree = "<group>"; };
		35D9447C29EF035800B9B640 /* Helpers.swift */ = {isa = PBXFileReference; lastKnownFileType = sourcecode.swift; path = Helpers.swift; sourceTree = "<group>"; };
		35D9448129EF725800B9B640 /* SplashScreenView.swift */ = {isa = PBXFileReference; lastKnownFileType = sourcecode.swift; path = SplashScreenView.swift; sourceTree = "<group>"; };
		35D9448329EF727E00B9B640 /* InitView.swift */ = {isa = PBXFileReference; lastKnownFileType = sourcecode.swift; path = InitView.swift; sourceTree = "<group>"; };
		35D9A5CD298981EE00A2F8D6 /* SettingsModel.swift */ = {isa = PBXFileReference; lastKnownFileType = sourcecode.swift; path = SettingsModel.swift; sourceTree = "<group>"; };
		35D9A5CF2989832200A2F8D6 /* SettingsCard.swift */ = {isa = PBXFileReference; lastKnownFileType = sourcecode.swift; path = SettingsCard.swift; sourceTree = "<group>"; };
		35DFA23D29A3BFC800258BB7 /* ExpandedReviewView.swift */ = {isa = PBXFileReference; lastKnownFileType = sourcecode.swift; path = ExpandedReviewView.swift; sourceTree = "<group>"; };
		35DFA24029A518B700258BB7 /* AddReviewView.swift */ = {isa = PBXFileReference; lastKnownFileType = sourcecode.swift; path = AddReviewView.swift; sourceTree = "<group>"; };
		35DFA24229A572BD00258BB7 /* NYCResizableTextField.swift */ = {isa = PBXFileReference; lastKnownFileType = sourcecode.swift; path = NYCResizableTextField.swift; sourceTree = "<group>"; };
		35DFA24429A5822B00258BB7 /* VisitDatePickerView.swift */ = {isa = PBXFileReference; lastKnownFileType = sourcecode.swift; path = VisitDatePickerView.swift; sourceTree = "<group>"; };
		35E7FB8A298486F400EFF282 /* ProfileSetup.swift */ = {isa = PBXFileReference; lastKnownFileType = sourcecode.swift; path = ProfileSetup.swift; sourceTree = "<group>"; };
		35E7FB8C29848AE300EFF282 /* NYCFloatingTextField.swift */ = {isa = PBXFileReference; lastKnownFileType = sourcecode.swift; path = NYCFloatingTextField.swift; sourceTree = "<group>"; };
		35E7FB8E29848B1C00EFF282 /* Extensions.swift */ = {isa = PBXFileReference; lastKnownFileType = sourcecode.swift; path = Extensions.swift; sourceTree = "<group>"; };
		35E7FB9029848FEE00EFF282 /* NYCActionButton.swift */ = {isa = PBXFileReference; lastKnownFileType = sourcecode.swift; path = NYCActionButton.swift; sourceTree = "<group>"; };
		35E7FB932985A9D500EFF282 /* UserRegistrationModel.swift */ = {isa = PBXFileReference; lastKnownFileType = sourcecode.swift; path = UserRegistrationModel.swift; sourceTree = "<group>"; };
		35E7FB982985AB9300EFF282 /* NotificationPermission.swift */ = {isa = PBXFileReference; lastKnownFileType = sourcecode.swift; path = NotificationPermission.swift; sourceTree = "<group>"; };
		35E7FB9A2985ADF800EFF282 /* GeopositionPermission.swift */ = {isa = PBXFileReference; lastKnownFileType = sourcecode.swift; path = GeopositionPermission.swift; sourceTree = "<group>"; };
		35E7FB9C2985B88700EFF282 /* GeoLocationModel.swift */ = {isa = PBXFileReference; lastKnownFileType = sourcecode.swift; path = GeoLocationModel.swift; sourceTree = "<group>"; };
		35EF059729B0F0310098110B /* NYCNavigationButton.swift */ = {isa = PBXFileReference; lastKnownFileType = sourcecode.swift; path = NYCNavigationButton.swift; sourceTree = "<group>"; };
		35EF059A29B0F2EC0098110B /* NavigationDotsView.swift */ = {isa = PBXFileReference; lastKnownFileType = sourcecode.swift; path = NavigationDotsView.swift; sourceTree = "<group>"; };
		35EF059D29B0F40A0098110B /* AccoutSetupView.swift */ = {isa = PBXFileReference; lastKnownFileType = sourcecode.swift; path = AccoutSetupView.swift; sourceTree = "<group>"; };
		35EF059F29B0FB780098110B /* PersonTypeSetup.swift */ = {isa = PBXFileReference; lastKnownFileType = sourcecode.swift; path = PersonTypeSetup.swift; sourceTree = "<group>"; };
		35EF05A129B29BAD0098110B /* NYCSetupCard.swift */ = {isa = PBXFileReference; lastKnownFileType = sourcecode.swift; path = NYCSetupCard.swift; sourceTree = "<group>"; };
		35F29396299E8ED500A85586 /* AmenityCard.swift */ = {isa = PBXFileReference; lastKnownFileType = sourcecode.swift; path = AmenityCard.swift; sourceTree = "<group>"; };
		35F29398299E8F4A00A85586 /* AmenityModel.swift */ = {isa = PBXFileReference; lastKnownFileType = sourcecode.swift; path = AmenityModel.swift; sourceTree = "<group>"; };
		35F2939A299F195400A85586 /* NotificationsView.swift */ = {isa = PBXFileReference; lastKnownFileType = sourcecode.swift; path = NotificationsView.swift; sourceTree = "<group>"; };
/* End PBXFileReference section */

/* Begin PBXFrameworksBuildPhase section */
		3503BD7F297F50AA00C0E365 /* Frameworks */ = {
			isa = PBXFrameworksBuildPhase;
			buildActionMask = 2147483647;
			files = (
				359A7930298ED141001B66CF /* Shimmer in Frameworks */,
				35C1667C29D1307600963257 /* FirebaseAuth in Frameworks */,
				3573F2D329F0B12A003E93F1 /* FirebaseAnalytics in Frameworks */,
				3538C623298353210017800B /* iPages in Frameworks */,
				359B2FB029DB45300097E1DC /* SDWebImageSwiftUI in Frameworks */,
				35C1668029D1307600963257 /* FirebaseFirestoreSwift in Frameworks */,
				3524973829EB1C5E009E1002 /* Lottie in Frameworks */,
				3565689B29A12C16007CAF80 /* PopupView in Frameworks */,
				359B2FAD29DA53EB0097E1DC /* FirebaseStorage in Frameworks */,
				35D9447F29EF6B2700B9B640 /* FirebaseMessaging in Frameworks */,
				35C1667E29D1307600963257 /* FirebaseFirestore in Frameworks */,
			);
			runOnlyForDeploymentPostprocessing = 0;
		};
/* End PBXFrameworksBuildPhase section */

/* Begin PBXGroup section */
		3503BD79297F50AA00C0E365 = {
			isa = PBXGroup;
			children = (
				3503BD84297F50AA00C0E365 /* NYCoworker */,
				3503BD83297F50AA00C0E365 /* Products */,
				359B2FAB29DA53EB0097E1DC /* Frameworks */,
			);
			sourceTree = "<group>";
		};
		3503BD83297F50AA00C0E365 /* Products */ = {
			isa = PBXGroup;
			children = (
				3503BD82297F50AA00C0E365 /* NYCoworker.app */,
			);
			name = Products;
			sourceTree = "<group>";
		};
		3503BD84297F50AA00C0E365 /* NYCoworker */ = {
			isa = PBXGroup;
			children = (
				3573F2D129F08FB1003E93F1 /* NYCoworker.entitlements */,
				3550FA2B29B3CA7E0091B558 /* Navigation */,
				351872C929D3C449004B564A /* Network */,
				358B93962980D35800160BFC /* Model */,
				358B93992980D42700160BFC /* Views */,
				3538C62D298358560017800B /* ViewModels */,
				3503BD99297F5EB900C0E365 /* Other */,
				3503BD85297F50AA00C0E365 /* AppDelegate.swift */,
				3503BD87297F50AA00C0E365 /* SceneDelegate.swift */,
				3503BD89297F50AA00C0E365 /* ViewController.swift */,
				35C1667829D12FD500963257 /* GoogleService-Info.plist */,
				3503BD8E297F50AC00C0E365 /* Assets.xcassets */,
				3503BD90297F50AC00C0E365 /* LaunchScreen.storyboard */,
				3503BD93297F50AC00C0E365 /* Info.plist */,
			);
			path = NYCoworker;
			sourceTree = "<group>";
		};
		3503BD99297F5EB900C0E365 /* Other */ = {
			isa = PBXGroup;
			children = (
				3538C627298356840017800B /* Helper Views */,
				3503BD9A297F5ECB00C0E365 /* Resources */,
			);
			path = Other;
			sourceTree = "<group>";
		};
		3503BD9A297F5ECB00C0E365 /* Resources */ = {
			isa = PBXGroup;
			children = (
				35D9447729EEF7E900B9B640 /* Firebase Extensions */,
				359E6AA32981FD8400333BD7 /* Fonts */,
				3503BD9C297F5EE500C0E365 /* Resources.swift */,
				35E7FB8E29848B1C00EFF282 /* Extensions.swift */,
				359A792A298DFBB9001B66CF /* Modifiers.swift */,
				350DE2772991C66600573163 /* Enums.swift */,
				35BC807929970DC0001ACC35 /* ListModifier.swift */,
				35D9447C29EF035800B9B640 /* Helpers.swift */,
			);
			path = Resources;
			sourceTree = "<group>";
		};
		3504C8612A0D582900D61573 /* Locations Feed Module */ = {
			isa = PBXGroup;
			children = (
				3504C8622A0D583900D61573 /* Views */,
				3504C8642A0D58C000D61573 /* Cells */,
				3504C8632A0D585D00D61573 /* Helper Views */,
			);
			path = "Locations Feed Module";
			sourceTree = "<group>";
		};
		3504C8622A0D583900D61573 /* Views */ = {
			isa = PBXGroup;
			children = (
				35737E6029888DF9003B68BE /* HomeView.swift */,
				359F80FA298C330B000D792E /* FavoriteView.swift */,
				350DE2752991C5F200573163 /* LocationListView.swift */,
				35F2939A299F195400A85586 /* NotificationsView.swift */,
				351B3A2829982ABC007E7D00 /* LocationDetailView.swift */,
				350DE27A2991CA7600573163 /* LocationsMapView.swift */,
			);
			path = Views;
			sourceTree = "<group>";
		};
		3504C8632A0D585D00D61573 /* Helper Views */ = {
			isa = PBXGroup;
			children = (
				35DFA24029A518B700258BB7 /* AddReviewView.swift */,
				3566264529B9445800EA11E0 /* ReportEditView.swift */,
				35DFA23D29A3BFC800258BB7 /* ExpandedReviewView.swift */,
			);
			path = "Helper Views";
			sourceTree = "<group>";
		};
		3504C8642A0D58C000D61573 /* Cells */ = {
			isa = PBXGroup;
			children = (
				359F80F6298C2508000D792E /* LocationCell.swift */,
				356C52DB29A04BDB00080D4C /* LocationListCell.swift */,
			);
			path = Cells;
			sourceTree = "<group>";
		};
		3504C8652A0D58F800D61573 /* Onboarding Module */ = {
			isa = PBXGroup;
			children = (
				3504C8662A0D593D00D61573 /* Views */,
			);
			path = "Onboarding Module";
			sourceTree = "<group>";
		};
		3504C8662A0D593D00D61573 /* Views */ = {
			isa = PBXGroup;
			children = (
				359E6AA12981ED8B00333BD7 /* Onboarding.swift */,
				35EF059D29B0F40A0098110B /* AccoutSetupView.swift */,
				3538C625298356270017800B /* LanguageSetup.swift */,
				35EF059C29B0F3F70098110B /* Account Setup */,
			);
			path = Views;
			sourceTree = "<group>";
		};
		3504C8672A0D598400D61573 /* Profile Module */ = {
			isa = PBXGroup;
			children = (
				3504C8682A0D599100D61573 /* Views */,
			);
			path = "Profile Module";
			sourceTree = "<group>";
		};
		3504C8682A0D599100D61573 /* Views */ = {
			isa = PBXGroup;
			children = (
				35737E5A29888866003B68BE /* ProfileView.swift */,
				35C479A5298C89D50089F342 /* SettingsView.swift */,
				351B3A21299814AA007E7D00 /* Settings Views */,
			);
			path = Views;
			sourceTree = "<group>";
		};
		3504C8692A0D59BD00D61573 /* Social Module */ = {
			isa = PBXGroup;
			children = (
				3504C86A2A0D59CA00D61573 /* Views */,
			);
			path = "Social Module";
			sourceTree = "<group>";
		};
		3504C86A2A0D59CA00D61573 /* Views */ = {
			isa = PBXGroup;
			children = (
				35737E5D29888DA5003B68BE /* Social View.swift */,
				359A7931298EDCCB001B66CF /* ShareCardView.swift */,
			);
			path = Views;
			sourceTree = "<group>";
		};
		3504C86B2A0D59F800D61573 /* Views */ = {
			isa = PBXGroup;
			children = (
				35A7981529E463C600359400 /* AdminLocationView.swift */,
				3563FB9D29F19A2C007E39C5 /* AdminHomeView.swift */,
				3536C2D62A02A955007D3E1A /* AdminNotificationView.swift */,
			);
			path = Views;
			sourceTree = "<group>";
		};
		3504C86C2A0D5A2100D61573 /* App Launch Module */ = {
			isa = PBXGroup;
			children = (
				3504C86D2A0D5A3000D61573 /* Views */,
			);
			path = "App Launch Module";
			sourceTree = "<group>";
		};
		3504C86D2A0D5A3000D61573 /* Views */ = {
			isa = PBXGroup;
			children = (
				35D9448129EF725800B9B640 /* SplashScreenView.swift */,
				35D9448329EF727E00B9B640 /* InitView.swift */,
			);
			path = Views;
			sourceTree = "<group>";
		};
		351872C929D3C449004B564A /* Network */ = {
			isa = PBXGroup;
			children = (
				351872CA29D3C45E004B564A /* Services */,
			);
			path = Network;
			sourceTree = "<group>";
		};
		351872CA29D3C45E004B564A /* Services */ = {
			isa = PBXGroup;
			children = (
				351872CB29D3C510004B564A /* NotificationService.swift */,
				359D87C529D76E9700E827F3 /* ReviewService.swift */,
				359D87C929D8919C00E827F3 /* UserService.swift */,
				3542F59A29D9DF410086CB4F /* LocationService.swift */,
				35915FEE29EB160700263946 /* AppConfigService.swift */,
			);
			path = Services;
			sourceTree = "<group>";
		};
		351872CD29D3C53C004B564A /* Notifications */ = {
			isa = PBXGroup;
			children = (
				351872CE29D3C547004B564A /* Notification.swift */,
			);
			path = Notifications;
			sourceTree = "<group>";
		};
		351B3A21299814AA007E7D00 /* Settings Views */ = {
			isa = PBXGroup;
			children = (
				351B3A22299814B8007E7D00 /* AccountSettingsView.swift */,
				351B3A2429981665007E7D00 /* SupportSettingsView.swift */,
				354F6D3E29F182D500E45CFE /* WriteFeedbackView.swift */,
			);
			path = "Settings Views";
			sourceTree = "<group>";
		};
		3538C627298356840017800B /* Helper Views */ = {
			isa = PBXGroup;
			children = (
				356C52DF29A052CD00080D4C /* BottomViews */,
				35746CB129A29F2F007322AA /* Empty Views */,
				35EF059929B0F2D90098110B /* Other */,
				354651C129A839D7003F7AE8 /* Animation Views */,
				35746CBB29A31D25007322AA /* Cards */,
				35746CBA29A31D1C007322AA /* Alerts */,
				35746CB929A31D10007322AA /* TextField */,
				35746CB829A31CFB007322AA /* Headers */,
				35746CB729A31CE6007322AA /* Badges */,
				35746CB629A31CC7007322AA /* Buttons */,
			);
			path = "Helper Views";
			sourceTree = "<group>";
		};
		3538C62A298357310017800B /* System */ = {
			isa = PBXGroup;
			children = (
				3538C62B298357490017800B /* AppLanguageModel.swift */,
				35E7FB9C2985B88700EFF282 /* GeoLocationModel.swift */,
				35D9A5CD298981EE00A2F8D6 /* SettingsModel.swift */,
				35F29398299E8F4A00A85586 /* AmenityModel.swift */,
			);
			path = System;
			sourceTree = "<group>";
		};
		3538C62D298358560017800B /* ViewModels */ = {
			isa = PBXGroup;
			children = (
				359348E129BA437800B7739A /* Settings */,
				359348DE29BA432800B7739A /* Reviews */,
				355C11BC29B78EAC001F092B /* Notifications */,
				35D3821629B6AA8200B66EDA /* Location */,
			);
			path = ViewModels;
			sourceTree = "<group>";
		};
		354651C129A839D7003F7AE8 /* Animation Views */ = {
			isa = PBXGroup;
			children = (
				354651C229A839E7003F7AE8 /* NYCLoadingSpinner.swift */,
			);
			path = "Animation Views";
			sourceTree = "<group>";
		};
		3550FA2B29B3CA7E0091B558 /* Navigation */ = {
			isa = PBXGroup;
			children = (
				3550FA2C29B3CA8A0091B558 /* Coordinators */,
			);
			path = Navigation;
			sourceTree = "<group>";
		};
		3550FA2C29B3CA8A0091B558 /* Coordinators */ = {
			isa = PBXGroup;
			children = (
				3550FA2D29B3CA9F0091B558 /* OnboardingNavigationCoordinator.swift */,
			);
			path = Coordinators;
			sourceTree = "<group>";
		};
		355C11BC29B78EAC001F092B /* Notifications */ = {
			isa = PBXGroup;
			children = (
				355C11BD29B78EB7001F092B /* NotificationCard.swift */,
			);
			path = Notifications;
			sourceTree = "<group>";
		};
		356C52DF29A052CD00080D4C /* BottomViews */ = {
			isa = PBXGroup;
			children = (
				350DE273299143B500573163 /* DeleteAccountBottomView.swift */,
				356C52E029A052F900080D4C /* MapChoiceView.swift */,
				35DFA24429A5822B00258BB7 /* VisitDatePickerView.swift */,
				354651C429A83B1F003F7AE8 /* LoadingBottomView.swift */,
			);
			path = BottomViews;
			sourceTree = "<group>";
		};
		35746CB129A29F2F007322AA /* Empty Views */ = {
			isa = PBXGroup;
			children = (
				35746CB229A29F3E007322AA /* FavoritesEmptyView.swift */,
				35746CB429A3183B007322AA /* NotificationsEmptyView.swift */,
				355C11BF29B7A44E001F092B /* ErrorEmptyView.swift */,
				359348D929BA378D00B7739A /* ReviewEmptyView.swift */,
				3542F59C29DA1A820086CB4F /* LoadingLocationCell.swift */,
			);
			path = "Empty Views";
			sourceTree = "<group>";
		};
		35746CB629A31CC7007322AA /* Buttons */ = {
			isa = PBXGroup;
			children = (
				359F80F1298AA911000D792E /* NYCCircleImageButton.swift */,
				35E7FB9029848FEE00EFF282 /* NYCActionButton.swift */,
				35EF059729B0F0310098110B /* NYCNavigationButton.swift */,
			);
			path = Buttons;
			sourceTree = "<group>";
		};
		35746CB729A31CE6007322AA /* Badges */ = {
			isa = PBXGroup;
			children = (
				356C52DD29A04E0B00080D4C /* NYCRateBadge.swift */,
				359F80F8298C30D2000D792E /* NYCBadgeView.swift */,
			);
			path = Badges;
			sourceTree = "<group>";
		};
		35746CB829A31CFB007322AA /* Headers */ = {
			isa = PBXGroup;
			children = (
				359F80F3298C2253000D792E /* NYCSectionHeader.swift */,
				3538C6282983569D0017800B /* NYCBottomSheetHeader.swift */,
				35402A292A0EB2A300974CF7 /* NYCBottomViewContent.swift */,
			);
			path = Headers;
			sourceTree = "<group>";
		};
		35746CB929A31D10007322AA /* TextField */ = {
			isa = PBXGroup;
			children = (
				35E7FB8C29848AE300EFF282 /* NYCFloatingTextField.swift */,
				35DFA24229A572BD00258BB7 /* NYCResizableTextField.swift */,
			);
			path = TextField;
			sourceTree = "<group>";
		};
		35746CBA29A31D1C007322AA /* Alerts */ = {
			isa = PBXGroup;
			children = (
				3565689C29A15673007CAF80 /* NYCAlertNotificationView.swift */,
				35D9447A29EF026D00B9B640 /* NYCErrorBottomAlert.swift */,
			);
			path = Alerts;
			sourceTree = "<group>";
		};
		35746CBB29A31D25007322AA /* Cards */ = {
			isa = PBXGroup;
			children = (
				359A792C298ECC6B001B66CF /* NYCSocialCard.swift */,
				351B3A2629981B22007E7D00 /* NYCSettingsCard.swift */,
				3583BD4429AA99E600B984EA /* NYCNotificationCard.swift */,
				355EA17829AD6FAF00D62B01 /* NYCLanguageCard.swift */,
				35EF05A129B29BAD0098110B /* NYCSetupCard.swift */,
			);
			path = Cards;
			sourceTree = "<group>";
		};
		358703B129C4BB2600B6B383 /* TabBar Module */ = {
			isa = PBXGroup;
			children = (
				359A7933298EF1C2001B66CF /* TabBarView.swift */,
			);
			path = "TabBar Module";
			sourceTree = "<group>";
		};
		358B93962980D35800160BFC /* Model */ = {
			isa = PBXGroup;
			children = (
				351872CD29D3C53C004B564A /* Notifications */,
				359348DB29BA420D00B7739A /* Review */,
				35D3821329B6A7B700B66EDA /* Location */,
				35E7FB922985A9C200EFF282 /* User */,
				3538C62A298357310017800B /* System */,
			);
			path = Model;
			sourceTree = "<group>";
		};
		358B93992980D42700160BFC /* Views */ = {
			isa = PBXGroup;
			children = (
				358703B129C4BB2600B6B383 /* TabBar Module */,
				3504C86C2A0D5A2100D61573 /* App Launch Module */,
				3504C8692A0D59BD00D61573 /* Social Module */,
				3504C8672A0D598400D61573 /* Profile Module */,
				3504C8652A0D58F800D61573 /* Onboarding Module */,
				3504C8612A0D582900D61573 /* Locations Feed Module */,
				35A7981429E4638800359400 /* Admin Module */,
			);
			path = Views;
			sourceTree = "<group>";
		};
		359348DB29BA420D00B7739A /* Review */ = {
			isa = PBXGroup;
			children = (
				359348DC29BA421900B7739A /* ReviewModel.swift */,
			);
			path = Review;
			sourceTree = "<group>";
		};
		359348DE29BA432800B7739A /* Reviews */ = {
			isa = PBXGroup;
			children = (
				35BA64B4299BF69D00E15206 /* ReviewCard.swift */,
			);
			path = Reviews;
			sourceTree = "<group>";
		};
		359348E129BA437800B7739A /* Settings */ = {
			isa = PBXGroup;
			children = (
				3538C62E298358890017800B /* LanguageCard.swift */,
				35D9A5CF2989832200A2F8D6 /* SettingsCard.swift */,
			);
			path = Settings;
			sourceTree = "<group>";
		};
		359B2FAB29DA53EB0097E1DC /* Frameworks */ = {
			isa = PBXGroup;
			children = (
			);
			name = Frameworks;
			sourceTree = "<group>";
		};
		359E6AA32981FD8400333BD7 /* Fonts */ = {
			isa = PBXGroup;
			children = (
				359E6AA62981FDD300333BD7 /* Nunito-Bold.ttf */,
				359E6AA52981FDC800333BD7 /* Nunito-SemiBold.ttf */,
				359E6AA42981FDBA00333BD7 /* Nunito-Regular.ttf */,
			);
			path = Fonts;
			sourceTree = "<group>";
		};
		35A7981429E4638800359400 /* Admin Module */ = {
			isa = PBXGroup;
			children = (
				3504C86B2A0D59F800D61573 /* Views */,
			);
			path = "Admin Module";
			sourceTree = "<group>";
		};
		35D3821329B6A7B700B66EDA /* Location */ = {
			isa = PBXGroup;
			children = (
				35D3821429B6A7C000B66EDA /* LocationModel.swift */,
			);
			path = Location;
			sourceTree = "<group>";
		};
		35D3821629B6AA8200B66EDA /* Location */ = {
			isa = PBXGroup;
			children = (
				35F29396299E8ED500A85586 /* AmenityCard.swift */,
				356C52D929A0460C00080D4C /* LocationMapCard.swift */,
			);
			path = Location;
			sourceTree = "<group>";
		};
		35D9447729EEF7E900B9B640 /* Firebase Extensions */ = {
			isa = PBXGroup;
			children = (
				35D9447829EEF80400B9B640 /* FirebaseErrors.swift */,
			);
			path = "Firebase Extensions";
			sourceTree = "<group>";
		};
		35E7FB922985A9C200EFF282 /* User */ = {
			isa = PBXGroup;
			children = (
				35E7FB932985A9D500EFF282 /* UserRegistrationModel.swift */,
				359D87C729D8912700E827F3 /* User.swift */,
			);
			path = User;
			sourceTree = "<group>";
		};
		35EF059929B0F2D90098110B /* Other */ = {
			isa = PBXGroup;
			children = (
				35EF059A29B0F2EC0098110B /* NavigationDotsView.swift */,
				35AD1AED29CBB4780076AE54 /* RatingDotsView.swift */,
				3524973929EB1CE9009E1002 /* MaintenanceOverlayView.swift */,
				3524974129EB2669009E1002 /* makeup.json */,
				35402A2B2A0ED23400974CF7 /* NYCImageCarousel.swift */,
			);
			path = Other;
			sourceTree = "<group>";
		};
		35EF059C29B0F3F70098110B /* Account Setup */ = {
			isa = PBXGroup;
			children = (
				35E7FB8A298486F400EFF282 /* ProfileSetup.swift */,
				35EF059F29B0FB780098110B /* PersonTypeSetup.swift */,
				35E7FB982985AB9300EFF282 /* NotificationPermission.swift */,
				35E7FB9A2985ADF800EFF282 /* GeopositionPermission.swift */,
			);
			path = "Account Setup";
			sourceTree = "<group>";
		};
/* End PBXGroup section */

/* Begin PBXNativeTarget section */
		3503BD81297F50AA00C0E365 /* NYCoworker */ = {
			isa = PBXNativeTarget;
			buildConfigurationList = 3503BD96297F50AC00C0E365 /* Build configuration list for PBXNativeTarget "NYCoworker" */;
			buildPhases = (
				3503BD7E297F50AA00C0E365 /* Sources */,
				3503BD7F297F50AA00C0E365 /* Frameworks */,
				3503BD80297F50AA00C0E365 /* Resources */,
			);
			buildRules = (
			);
			dependencies = (
			);
			name = NYCoworker;
			packageProductDependencies = (
				3538C622298353210017800B /* iPages */,
				359A792F298ED141001B66CF /* Shimmer */,
				3565689A29A12C16007CAF80 /* PopupView */,
				35C1667B29D1307600963257 /* FirebaseAuth */,
				35C1667D29D1307600963257 /* FirebaseFirestore */,
				35C1667F29D1307600963257 /* FirebaseFirestoreSwift */,
				359B2FAC29DA53EB0097E1DC /* FirebaseStorage */,
				359B2FAF29DB45300097E1DC /* SDWebImageSwiftUI */,
				3524973729EB1C5E009E1002 /* Lottie */,
				35D9447E29EF6B2700B9B640 /* FirebaseMessaging */,
				3573F2D229F0B12A003E93F1 /* FirebaseAnalytics */,
			);
			productName = NYCoworker;
			productReference = 3503BD82297F50AA00C0E365 /* NYCoworker.app */;
			productType = "com.apple.product-type.application";
		};
/* End PBXNativeTarget section */

/* Begin PBXProject section */
		3503BD7A297F50AA00C0E365 /* Project object */ = {
			isa = PBXProject;
			attributes = {
				BuildIndependentTargetsInParallel = 1;
				LastSwiftUpdateCheck = 1420;
				LastUpgradeCheck = 1420;
				TargetAttributes = {
					3503BD81297F50AA00C0E365 = {
						CreatedOnToolsVersion = 14.2;
					};
				};
			};
			buildConfigurationList = 3503BD7D297F50AA00C0E365 /* Build configuration list for PBXProject "NYCoworker" */;
			compatibilityVersion = "Xcode 14.0";
			developmentRegion = en;
			hasScannedForEncodings = 0;
			knownRegions = (
				en,
				Base,
			);
			mainGroup = 3503BD79297F50AA00C0E365;
			packageReferences = (
				3538C621298353210017800B /* XCRemoteSwiftPackageReference "iPages" */,
				359A792E298ED141001B66CF /* XCRemoteSwiftPackageReference "SwiftUI-Shimmer" */,
				3565689929A12C16007CAF80 /* XCRemoteSwiftPackageReference "PopupView" */,
				35C1667A29D1307600963257 /* XCRemoteSwiftPackageReference "firebase-ios-sdk" */,
				359B2FAE29DB45300097E1DC /* XCRemoteSwiftPackageReference "SDWebImageSwiftUI" */,
				3524973629EB1C5E009E1002 /* XCRemoteSwiftPackageReference "lottie-spm" */,
			);
			productRefGroup = 3503BD83297F50AA00C0E365 /* Products */;
			projectDirPath = "";
			projectRoot = "";
			targets = (
				3503BD81297F50AA00C0E365 /* NYCoworker */,
			);
		};
/* End PBXProject section */

/* Begin PBXResourcesBuildPhase section */
		3503BD80297F50AA00C0E365 /* Resources */ = {
			isa = PBXResourcesBuildPhase;
			buildActionMask = 2147483647;
			files = (
				3524974229EB2669009E1002 /* makeup.json in Resources */,
				359E6AA72981FEB800333BD7 /* Nunito-Bold.ttf in Resources */,
				359E6AA82981FEB800333BD7 /* Nunito-SemiBold.ttf in Resources */,
				359E6AA92981FEB800333BD7 /* Nunito-Regular.ttf in Resources */,
				3503BD92297F50AC00C0E365 /* LaunchScreen.storyboard in Resources */,
				3503BD8F297F50AC00C0E365 /* Assets.xcassets in Resources */,
				35C1667929D12FD500963257 /* GoogleService-Info.plist in Resources */,
			);
			runOnlyForDeploymentPostprocessing = 0;
		};
/* End PBXResourcesBuildPhase section */

/* Begin PBXSourcesBuildPhase section */
		3503BD7E297F50AA00C0E365 /* Sources */ = {
			isa = PBXSourcesBuildPhase;
			buildActionMask = 2147483647;
			files = (
				3565689D29A15673007CAF80 /* NYCAlertNotificationView.swift in Sources */,
				3503BD8A297F50AA00C0E365 /* ViewController.swift in Sources */,
				354651C529A83B1F003F7AE8 /* LoadingBottomView.swift in Sources */,
				359A7934298EF1C2001B66CF /* TabBarView.swift in Sources */,
				356C52DE29A04E0B00080D4C /* NYCRateBadge.swift in Sources */,
				35EF05A229B29BAD0098110B /* NYCSetupCard.swift in Sources */,
				359F80F4298C2253000D792E /* NYCSectionHeader.swift in Sources */,
				3503BD9D297F5EE500C0E365 /* Resources.swift in Sources */,
				359E6AA22981ED8B00333BD7 /* Onboarding.swift in Sources */,
				355C11BE29B78EB7001F092B /* NotificationCard.swift in Sources */,
				359A792B298DFBB9001B66CF /* Modifiers.swift in Sources */,
				35D9447929EEF80400B9B640 /* FirebaseErrors.swift in Sources */,
				35EF059B29B0F2EC0098110B /* NavigationDotsView.swift in Sources */,
				356C52DC29A04BDB00080D4C /* LocationListCell.swift in Sources */,
				359F80F2298AA911000D792E /* NYCCircleImageButton.swift in Sources */,
				359D87C629D76E9700E827F3 /* ReviewService.swift in Sources */,
				3538C6292983569D0017800B /* NYCBottomSheetHeader.swift in Sources */,
				351B3A2729981B22007E7D00 /* NYCSettingsCard.swift in Sources */,
				35402A2A2A0EB2A300974CF7 /* NYCBottomViewContent.swift in Sources */,
				350DE274299143B500573163 /* DeleteAccountBottomView.swift in Sources */,
				35D9447D29EF035800B9B640 /* Helpers.swift in Sources */,
				3538C626298356270017800B /* LanguageSetup.swift in Sources */,
				35A7981629E463C600359400 /* AdminLocationView.swift in Sources */,
				35EF059E29B0F40A0098110B /* AccoutSetupView.swift in Sources */,
				35E7FB942985A9D500EFF282 /* UserRegistrationModel.swift in Sources */,
				35DFA24129A518B700258BB7 /* AddReviewView.swift in Sources */,
				354F6D3F29F182D500E45CFE /* WriteFeedbackView.swift in Sources */,
				350DE2762991C5F200573163 /* LocationListView.swift in Sources */,
				350DE27B2991CA7600573163 /* LocationsMapView.swift in Sources */,
				351872CC29D3C510004B564A /* NotificationService.swift in Sources */,
				3536C2D72A02A955007D3E1A /* AdminNotificationView.swift in Sources */,
				355C11C029B7A44E001F092B /* ErrorEmptyView.swift in Sources */,
				35E7FB9D2985B88700EFF282 /* GeoLocationModel.swift in Sources */,
				35F2939B299F195400A85586 /* NotificationsView.swift in Sources */,
				359F80F9298C30D2000D792E /* NYCBadgeView.swift in Sources */,
				359D87CA29D8919C00E827F3 /* UserService.swift in Sources */,
				3566264629B9445800EA11E0 /* ReportEditView.swift in Sources */,
				3538C62F298358890017800B /* LanguageCard.swift in Sources */,
				359A792D298ECC6B001B66CF /* NYCSocialCard.swift in Sources */,
				356C52E129A052F900080D4C /* MapChoiceView.swift in Sources */,
				35D9447B29EF026D00B9B640 /* NYCErrorBottomAlert.swift in Sources */,
				351B3A23299814B8007E7D00 /* AccountSettingsView.swift in Sources */,
				35DFA24329A572BD00258BB7 /* NYCResizableTextField.swift in Sources */,
				35D9A5D02989832200A2F8D6 /* SettingsCard.swift in Sources */,
				35E7FB8D29848AE300EFF282 /* NYCFloatingTextField.swift in Sources */,
				35737E5E29888DA5003B68BE /* Social View.swift in Sources */,
				35746CB329A29F3E007322AA /* FavoritesEmptyView.swift in Sources */,
				35915FEF29EB160700263946 /* AppConfigService.swift in Sources */,
				35E7FB8F29848B1C00EFF282 /* Extensions.swift in Sources */,
				35D9448229EF725800B9B640 /* SplashScreenView.swift in Sources */,
				35737E5B29888866003B68BE /* ProfileView.swift in Sources */,
				359F80FB298C330B000D792E /* FavoriteView.swift in Sources */,
				35D9A5CE298981EE00A2F8D6 /* SettingsModel.swift in Sources */,
				359348DD29BA421900B7739A /* ReviewModel.swift in Sources */,
				3542F59D29DA1A820086CB4F /* LoadingLocationCell.swift in Sources */,
				35BC807A29970DC0001ACC35 /* ListModifier.swift in Sources */,
				35C479A6298C89D50089F342 /* SettingsView.swift in Sources */,
				35746CB529A3183B007322AA /* NotificationsEmptyView.swift in Sources */,
				351872CF29D3C547004B564A /* Notification.swift in Sources */,
				35BA64B5299BF69D00E15206 /* ReviewCard.swift in Sources */,
				35EF059829B0F0310098110B /* NYCNavigationButton.swift in Sources */,
				35EF05A029B0FB780098110B /* PersonTypeSetup.swift in Sources */,
				35DFA23E29A3BFC900258BB7 /* ExpandedReviewView.swift in Sources */,
				359348DA29BA378D00B7739A /* ReviewEmptyView.swift in Sources */,
				359A7932298EDCCB001B66CF /* ShareCardView.swift in Sources */,
				3503BD86297F50AA00C0E365 /* AppDelegate.swift in Sources */,
				3542F59B29D9DF410086CB4F /* LocationService.swift in Sources */,
				35737E6129888DF9003B68BE /* HomeView.swift in Sources */,
				35E7FB9129848FEE00EFF282 /* NYCActionButton.swift in Sources */,
				35F29399299E8F4A00A85586 /* AmenityModel.swift in Sources */,
				35E7FB992985AB9300EFF282 /* NotificationPermission.swift in Sources */,
				355EA17929AD6FAF00D62B01 /* NYCLanguageCard.swift in Sources */,
				356C52DA29A0460C00080D4C /* LocationMapCard.swift in Sources */,
				351B3A2529981665007E7D00 /* SupportSettingsView.swift in Sources */,
				35E7FB8B298486F400EFF282 /* ProfileSetup.swift in Sources */,
				35F29397299E8ED500A85586 /* AmenityCard.swift in Sources */,
				359F80F7298C2508000D792E /* LocationCell.swift in Sources */,
				35D9448429EF727E00B9B640 /* InitView.swift in Sources */,
				35AD1AEE29CBB4780076AE54 /* RatingDotsView.swift in Sources */,
				3524973A29EB1CE9009E1002 /* MaintenanceOverlayView.swift in Sources */,
				359D87C829D8912700E827F3 /* User.swift in Sources */,
				3563FB9E29F19A2C007E39C5 /* AdminHomeView.swift in Sources */,
				3503BD88297F50AA00C0E365 /* SceneDelegate.swift in Sources */,
				35402A2C2A0ED23400974CF7 /* NYCImageCarousel.swift in Sources */,
				351B3A2929982ABC007E7D00 /* LocationDetailView.swift in Sources */,
				3538C62C298357490017800B /* AppLanguageModel.swift in Sources */,
				3583BD4529AA99E600B984EA /* NYCNotificationCard.swift in Sources */,
				350DE2782991C66600573163 /* Enums.swift in Sources */,
				354651C329A839E7003F7AE8 /* NYCLoadingSpinner.swift in Sources */,
				3550FA2E29B3CA9F0091B558 /* OnboardingNavigationCoordinator.swift in Sources */,
				35DFA24529A5822B00258BB7 /* VisitDatePickerView.swift in Sources */,
				35D3821529B6A7C000B66EDA /* LocationModel.swift in Sources */,
				35E7FB9B2985ADF800EFF282 /* GeopositionPermission.swift in Sources */,
			);
			runOnlyForDeploymentPostprocessing = 0;
		};
/* End PBXSourcesBuildPhase section */

/* Begin PBXVariantGroup section */
		3503BD90297F50AC00C0E365 /* LaunchScreen.storyboard */ = {
			isa = PBXVariantGroup;
			children = (
				3503BD91297F50AC00C0E365 /* Base */,
			);
			name = LaunchScreen.storyboard;
			sourceTree = "<group>";
		};
/* End PBXVariantGroup section */

/* Begin XCBuildConfiguration section */
		3503BD94297F50AC00C0E365 /* Debug */ = {
			isa = XCBuildConfiguration;
			buildSettings = {
				ALWAYS_SEARCH_USER_PATHS = NO;
				CLANG_ANALYZER_NONNULL = YES;
				CLANG_ANALYZER_NUMBER_OBJECT_CONVERSION = YES_AGGRESSIVE;
				CLANG_CXX_LANGUAGE_STANDARD = "gnu++20";
				CLANG_ENABLE_MODULES = YES;
				CLANG_ENABLE_OBJC_ARC = YES;
				CLANG_ENABLE_OBJC_WEAK = YES;
				CLANG_WARN_BLOCK_CAPTURE_AUTORELEASING = YES;
				CLANG_WARN_BOOL_CONVERSION = YES;
				CLANG_WARN_COMMA = YES;
				CLANG_WARN_CONSTANT_CONVERSION = YES;
				CLANG_WARN_DEPRECATED_OBJC_IMPLEMENTATIONS = YES;
				CLANG_WARN_DIRECT_OBJC_ISA_USAGE = YES_ERROR;
				CLANG_WARN_DOCUMENTATION_COMMENTS = YES;
				CLANG_WARN_EMPTY_BODY = YES;
				CLANG_WARN_ENUM_CONVERSION = YES;
				CLANG_WARN_INFINITE_RECURSION = YES;
				CLANG_WARN_INT_CONVERSION = YES;
				CLANG_WARN_NON_LITERAL_NULL_CONVERSION = YES;
				CLANG_WARN_OBJC_IMPLICIT_RETAIN_SELF = YES;
				CLANG_WARN_OBJC_LITERAL_CONVERSION = YES;
				CLANG_WARN_OBJC_ROOT_CLASS = YES_ERROR;
				CLANG_WARN_QUOTED_INCLUDE_IN_FRAMEWORK_HEADER = YES;
				CLANG_WARN_RANGE_LOOP_ANALYSIS = YES;
				CLANG_WARN_STRICT_PROTOTYPES = YES;
				CLANG_WARN_SUSPICIOUS_MOVE = YES;
				CLANG_WARN_UNGUARDED_AVAILABILITY = YES_AGGRESSIVE;
				CLANG_WARN_UNREACHABLE_CODE = YES;
				CLANG_WARN__DUPLICATE_METHOD_MATCH = YES;
				COPY_PHASE_STRIP = NO;
				DEBUG_INFORMATION_FORMAT = dwarf;
				ENABLE_STRICT_OBJC_MSGSEND = YES;
				ENABLE_TESTABILITY = YES;
				GCC_C_LANGUAGE_STANDARD = gnu11;
				GCC_DYNAMIC_NO_PIC = NO;
				GCC_NO_COMMON_BLOCKS = YES;
				GCC_OPTIMIZATION_LEVEL = 0;
				GCC_PREPROCESSOR_DEFINITIONS = (
					"DEBUG=1",
					"$(inherited)",
				);
				GCC_WARN_64_TO_32_BIT_CONVERSION = YES;
				GCC_WARN_ABOUT_RETURN_TYPE = YES_ERROR;
				GCC_WARN_UNDECLARED_SELECTOR = YES;
				GCC_WARN_UNINITIALIZED_AUTOS = YES_AGGRESSIVE;
				GCC_WARN_UNUSED_FUNCTION = YES;
				GCC_WARN_UNUSED_VARIABLE = YES;
				IPHONEOS_DEPLOYMENT_TARGET = 16.2;
				MTL_ENABLE_DEBUG_INFO = INCLUDE_SOURCE;
				MTL_FAST_MATH = YES;
				ONLY_ACTIVE_ARCH = YES;
				SDKROOT = iphoneos;
				SWIFT_ACTIVE_COMPILATION_CONDITIONS = DEBUG;
				SWIFT_OPTIMIZATION_LEVEL = "-Onone";
			};
			name = Debug;
		};
		3503BD95297F50AC00C0E365 /* Release */ = {
			isa = XCBuildConfiguration;
			buildSettings = {
				ALWAYS_SEARCH_USER_PATHS = NO;
				CLANG_ANALYZER_NONNULL = YES;
				CLANG_ANALYZER_NUMBER_OBJECT_CONVERSION = YES_AGGRESSIVE;
				CLANG_CXX_LANGUAGE_STANDARD = "gnu++20";
				CLANG_ENABLE_MODULES = YES;
				CLANG_ENABLE_OBJC_ARC = YES;
				CLANG_ENABLE_OBJC_WEAK = YES;
				CLANG_WARN_BLOCK_CAPTURE_AUTORELEASING = YES;
				CLANG_WARN_BOOL_CONVERSION = YES;
				CLANG_WARN_COMMA = YES;
				CLANG_WARN_CONSTANT_CONVERSION = YES;
				CLANG_WARN_DEPRECATED_OBJC_IMPLEMENTATIONS = YES;
				CLANG_WARN_DIRECT_OBJC_ISA_USAGE = YES_ERROR;
				CLANG_WARN_DOCUMENTATION_COMMENTS = YES;
				CLANG_WARN_EMPTY_BODY = YES;
				CLANG_WARN_ENUM_CONVERSION = YES;
				CLANG_WARN_INFINITE_RECURSION = YES;
				CLANG_WARN_INT_CONVERSION = YES;
				CLANG_WARN_NON_LITERAL_NULL_CONVERSION = YES;
				CLANG_WARN_OBJC_IMPLICIT_RETAIN_SELF = YES;
				CLANG_WARN_OBJC_LITERAL_CONVERSION = YES;
				CLANG_WARN_OBJC_ROOT_CLASS = YES_ERROR;
				CLANG_WARN_QUOTED_INCLUDE_IN_FRAMEWORK_HEADER = YES;
				CLANG_WARN_RANGE_LOOP_ANALYSIS = YES;
				CLANG_WARN_STRICT_PROTOTYPES = YES;
				CLANG_WARN_SUSPICIOUS_MOVE = YES;
				CLANG_WARN_UNGUARDED_AVAILABILITY = YES_AGGRESSIVE;
				CLANG_WARN_UNREACHABLE_CODE = YES;
				CLANG_WARN__DUPLICATE_METHOD_MATCH = YES;
				COPY_PHASE_STRIP = NO;
				DEBUG_INFORMATION_FORMAT = "dwarf-with-dsym";
				ENABLE_NS_ASSERTIONS = NO;
				ENABLE_STRICT_OBJC_MSGSEND = YES;
				GCC_C_LANGUAGE_STANDARD = gnu11;
				GCC_NO_COMMON_BLOCKS = YES;
				GCC_WARN_64_TO_32_BIT_CONVERSION = YES;
				GCC_WARN_ABOUT_RETURN_TYPE = YES_ERROR;
				GCC_WARN_UNDECLARED_SELECTOR = YES;
				GCC_WARN_UNINITIALIZED_AUTOS = YES_AGGRESSIVE;
				GCC_WARN_UNUSED_FUNCTION = YES;
				GCC_WARN_UNUSED_VARIABLE = YES;
				IPHONEOS_DEPLOYMENT_TARGET = 16.2;
				MTL_ENABLE_DEBUG_INFO = NO;
				MTL_FAST_MATH = YES;
				SDKROOT = iphoneos;
				SWIFT_COMPILATION_MODE = wholemodule;
				SWIFT_OPTIMIZATION_LEVEL = "-O";
				VALIDATE_PRODUCT = YES;
			};
			name = Release;
		};
		3503BD97297F50AC00C0E365 /* Debug */ = {
			isa = XCBuildConfiguration;
			buildSettings = {
				ASSETCATALOG_COMPILER_APPICON_NAME = AppIcon;
				ASSETCATALOG_COMPILER_GLOBAL_ACCENT_COLOR_NAME = AccentColor;
				CODE_SIGN_ENTITLEMENTS = NYCoworker/NYCoworker.entitlements;
				CODE_SIGN_STYLE = Automatic;
				CURRENT_PROJECT_VERSION = 19;
				DEVELOPMENT_TEAM = 9S2MZXD36G;
				GENERATE_INFOPLIST_FILE = YES;
				INFOPLIST_FILE = NYCoworker/Info.plist;
				INFOPLIST_KEY_CFBundleDisplayName = NYCoworker;
				INFOPLIST_KEY_LSApplicationCategoryType = "public.app-category.social-networking";
				INFOPLIST_KEY_NSLocationWhenInUseUsageDescription = "NYCoworker app requires access to your location when in use to provide accurate distance information for each location. This information will be used to show you the distance between your current location and each location in the app.";
				INFOPLIST_KEY_UIApplicationSupportsIndirectInputEvents = YES;
				INFOPLIST_KEY_UILaunchStoryboardName = LaunchScreen;
				INFOPLIST_KEY_UIStatusBarStyle = "";
				INFOPLIST_KEY_UISupportedInterfaceOrientations = UIInterfaceOrientationPortrait;
				INFOPLIST_KEY_UISupportedInterfaceOrientations_iPad = "UIInterfaceOrientationLandscapeLeft UIInterfaceOrientationLandscapeRight UIInterfaceOrientationPortrait UIInterfaceOrientationPortraitUpsideDown";
				INFOPLIST_KEY_UIUserInterfaceStyle = Light;
				IPHONEOS_DEPLOYMENT_TARGET = 16.0;
				LD_RUNPATH_SEARCH_PATHS = (
					"$(inherited)",
					"@executable_path/Frameworks",
				);
				MARKETING_VERSION = 1.0;
				OTHER_LIBTOOLFLAGS = "-XCExpApple true -WLinkingC true -XCBuildForPre true";
				PRODUCT_BUNDLE_IDENTIFIER = com.MKM.NYCoworker;
				PRODUCT_NAME = "$(TARGET_NAME)";
				SUPPORTED_PLATFORMS = "iphoneos iphonesimulator";
				SUPPORTS_MACCATALYST = NO;
				SUPPORTS_MAC_DESIGNED_FOR_IPHONE_IPAD = NO;
				SWIFT_EMIT_LOC_STRINGS = YES;
				SWIFT_VERSION = 5.0;
				TARGETED_DEVICE_FAMILY = 1;
			};
			name = Debug;
		};
		3503BD98297F50AC00C0E365 /* Release */ = {
			isa = XCBuildConfiguration;
			buildSettings = {
				ASSETCATALOG_COMPILER_APPICON_NAME = AppIcon;
				ASSETCATALOG_COMPILER_GLOBAL_ACCENT_COLOR_NAME = AccentColor;
				CODE_SIGN_ENTITLEMENTS = NYCoworker/NYCoworker.entitlements;
				CODE_SIGN_STYLE = Automatic;
				CURRENT_PROJECT_VERSION = 19;
				DEVELOPMENT_TEAM = 9S2MZXD36G;
				GENERATE_INFOPLIST_FILE = YES;
				INFOPLIST_FILE = NYCoworker/Info.plist;
				INFOPLIST_KEY_CFBundleDisplayName = NYCoworker;
				INFOPLIST_KEY_LSApplicationCategoryType = "public.app-category.social-networking";
				INFOPLIST_KEY_NSLocationWhenInUseUsageDescription = "NYCoworker app requires access to your location when in use to provide accurate distance information for each location. This information will be used to show you the distance between your current location and each location in the app.";
				INFOPLIST_KEY_UIApplicationSupportsIndirectInputEvents = YES;
				INFOPLIST_KEY_UILaunchStoryboardName = LaunchScreen;
				INFOPLIST_KEY_UIStatusBarStyle = "";
				INFOPLIST_KEY_UISupportedInterfaceOrientations = UIInterfaceOrientationPortrait;
				INFOPLIST_KEY_UISupportedInterfaceOrientations_iPad = "UIInterfaceOrientationLandscapeLeft UIInterfaceOrientationLandscapeRight UIInterfaceOrientationPortrait UIInterfaceOrientationPortraitUpsideDown";
				INFOPLIST_KEY_UIUserInterfaceStyle = Light;
				IPHONEOS_DEPLOYMENT_TARGET = 16.0;
				LD_RUNPATH_SEARCH_PATHS = (
					"$(inherited)",
					"@executable_path/Frameworks",
				);
				MARKETING_VERSION = 1.0;
				OTHER_LIBTOOLFLAGS = "-XCExpApple true -WLinkingC true -XCBuildForPre true";
				PRODUCT_BUNDLE_IDENTIFIER = com.MKM.NYCoworker;
				PRODUCT_NAME = "$(TARGET_NAME)";
				SUPPORTED_PLATFORMS = "iphoneos iphonesimulator";
				SUPPORTS_MACCATALYST = NO;
				SUPPORTS_MAC_DESIGNED_FOR_IPHONE_IPAD = NO;
				SWIFT_EMIT_LOC_STRINGS = YES;
				SWIFT_VERSION = 5.0;
				TARGETED_DEVICE_FAMILY = 1;
			};
			name = Release;
		};
/* End XCBuildConfiguration section */

/* Begin XCConfigurationList section */
		3503BD7D297F50AA00C0E365 /* Build configuration list for PBXProject "NYCoworker" */ = {
			isa = XCConfigurationList;
			buildConfigurations = (
				3503BD94297F50AC00C0E365 /* Debug */,
				3503BD95297F50AC00C0E365 /* Release */,
			);
			defaultConfigurationIsVisible = 0;
			defaultConfigurationName = Release;
		};
		3503BD96297F50AC00C0E365 /* Build configuration list for PBXNativeTarget "NYCoworker" */ = {
			isa = XCConfigurationList;
			buildConfigurations = (
				3503BD97297F50AC00C0E365 /* Debug */,
				3503BD98297F50AC00C0E365 /* Release */,
			);
			defaultConfigurationIsVisible = 0;
			defaultConfigurationName = Release;
		};
/* End XCConfigurationList section */

/* Begin XCRemoteSwiftPackageReference section */
		3524973629EB1C5E009E1002 /* XCRemoteSwiftPackageReference "lottie-spm" */ = {
			isa = XCRemoteSwiftPackageReference;
			repositoryURL = "https://github.com/airbnb/lottie-spm.git";
			requirement = {
				kind = upToNextMajorVersion;
				minimumVersion = 4.0.0;
			};
		};
		3538C621298353210017800B /* XCRemoteSwiftPackageReference "iPages" */ = {
			isa = XCRemoteSwiftPackageReference;
			repositoryURL = "https://github.com/benjaminsage/iPages.git";
			requirement = {
				kind = upToNextMajorVersion;
				minimumVersion = 0.0.9;
			};
		};
		3565689929A12C16007CAF80 /* XCRemoteSwiftPackageReference "PopupView" */ = {
			isa = XCRemoteSwiftPackageReference;
			repositoryURL = "https://github.com/exyte/PopupView.git";
			requirement = {
				kind = upToNextMajorVersion;
				minimumVersion = 2.0.0;
			};
		};
		359A792E298ED141001B66CF /* XCRemoteSwiftPackageReference "SwiftUI-Shimmer" */ = {
			isa = XCRemoteSwiftPackageReference;
			repositoryURL = "https://github.com/markiv/SwiftUI-Shimmer";
			requirement = {
				kind = upToNextMajorVersion;
				minimumVersion = 1.0.0;
			};
		};
		359B2FAE29DB45300097E1DC /* XCRemoteSwiftPackageReference "SDWebImageSwiftUI" */ = {
			isa = XCRemoteSwiftPackageReference;
			repositoryURL = "https://github.com/SDWebImage/SDWebImageSwiftUI";
			requirement = {
				kind = upToNextMajorVersion;
				minimumVersion = 2.0.0;
			};
		};
		35C1667A29D1307600963257 /* XCRemoteSwiftPackageReference "firebase-ios-sdk" */ = {
			isa = XCRemoteSwiftPackageReference;
			repositoryURL = "https://github.com/firebase/firebase-ios-sdk";
			requirement = {
				kind = upToNextMajorVersion;
				minimumVersion = 9.0.0;
			};
		};
/* End XCRemoteSwiftPackageReference section */

/* Begin XCSwiftPackageProductDependency section */
		3524973729EB1C5E009E1002 /* Lottie */ = {
			isa = XCSwiftPackageProductDependency;
			package = 3524973629EB1C5E009E1002 /* XCRemoteSwiftPackageReference "lottie-spm" */;
			productName = Lottie;
		};
		3538C622298353210017800B /* iPages */ = {
			isa = XCSwiftPackageProductDependency;
			package = 3538C621298353210017800B /* XCRemoteSwiftPackageReference "iPages" */;
			productName = iPages;
		};
		3565689A29A12C16007CAF80 /* PopupView */ = {
			isa = XCSwiftPackageProductDependency;
			package = 3565689929A12C16007CAF80 /* XCRemoteSwiftPackageReference "PopupView" */;
			productName = PopupView;
		};
		3573F2D229F0B12A003E93F1 /* FirebaseAnalytics */ = {
			isa = XCSwiftPackageProductDependency;
			package = 35C1667A29D1307600963257 /* XCRemoteSwiftPackageReference "firebase-ios-sdk" */;
			productName = FirebaseAnalytics;
		};
		359A792F298ED141001B66CF /* Shimmer */ = {
			isa = XCSwiftPackageProductDependency;
			package = 359A792E298ED141001B66CF /* XCRemoteSwiftPackageReference "SwiftUI-Shimmer" */;
			productName = Shimmer;
		};
		359B2FAC29DA53EB0097E1DC /* FirebaseStorage */ = {
			isa = XCSwiftPackageProductDependency;
			package = 35C1667A29D1307600963257 /* XCRemoteSwiftPackageReference "firebase-ios-sdk" */;
			productName = FirebaseStorage;
		};
		359B2FAF29DB45300097E1DC /* SDWebImageSwiftUI */ = {
			isa = XCSwiftPackageProductDependency;
			package = 359B2FAE29DB45300097E1DC /* XCRemoteSwiftPackageReference "SDWebImageSwiftUI" */;
			productName = SDWebImageSwiftUI;
		};
		35C1667B29D1307600963257 /* FirebaseAuth */ = {
			isa = XCSwiftPackageProductDependency;
			package = 35C1667A29D1307600963257 /* XCRemoteSwiftPackageReference "firebase-ios-sdk" */;
			productName = FirebaseAuth;
		};
		35C1667D29D1307600963257 /* FirebaseFirestore */ = {
			isa = XCSwiftPackageProductDependency;
			package = 35C1667A29D1307600963257 /* XCRemoteSwiftPackageReference "firebase-ios-sdk" */;
			productName = FirebaseFirestore;
		};
		35C1667F29D1307600963257 /* FirebaseFirestoreSwift */ = {
			isa = XCSwiftPackageProductDependency;
			package = 35C1667A29D1307600963257 /* XCRemoteSwiftPackageReference "firebase-ios-sdk" */;
			productName = FirebaseFirestoreSwift;
		};
		35D9447E29EF6B2700B9B640 /* FirebaseMessaging */ = {
			isa = XCSwiftPackageProductDependency;
			package = 35C1667A29D1307600963257 /* XCRemoteSwiftPackageReference "firebase-ios-sdk" */;
			productName = FirebaseMessaging;
		};
/* End XCSwiftPackageProductDependency section */
	};
	rootObject = 3503BD7A297F50AA00C0E365 /* Project object */;
}
